
Microsoft Visual Studio Solution File, Format Version 12.00
# Visual Studio Version 17
VisualStudioVersion = 17.5.33516.290
MinimumVisualStudioVersion = 10.0.40219.1
Project("{FAE04EC0-301F-11D3-BF4B-00C04F79EFBC}") = "Restaurant", "Restaurant\Restaurant.csproj", "{DCC4C29B-5579-426D-9760-69C0C4A220AA}"
EndProject
Global
	GlobalSection(SolutionConfigurationPlatforms) = preSolution
		Debug|Any CPU = Debug|Any CPU
		Release|Any CPU = Release|Any CPU
	EndGlobalSection
	GlobalSection(ProjectConfigurationPlatforms) = postSolution
		{DCC4C29B-5579-426D-9760-69C0C4A220AA}.Debug|Any CPU.ActiveCfg = Debug|Any CPU
		{DCC4C29B-5579-426D-9760-69C0C4A220AA}.Debug|Any CPU.Build.0 = Debug|Any CPU
		{DCC4C29B-5579-426D-9760-69C0C4A220AA}.Release|Any CPU.ActiveCfg = Release|Any CPU
		{DCC4C29B-5579-426D-9760-69C0C4A220AA}.Release|Any CPU.Build.0 = Release|Any CPU
	EndGlobalSection
	GlobalSection(SolutionProperties) = preSolution
		HideSolutionNode = FALSE
	EndGlobalSection
	GlobalSection(ExtensibilityGlobals) = postSolution
		SolutionGuid = {603C10CF-233F-46C3-8DF0-BADFB6C59FA8}
	EndGlobalSection
EndGlobal
